<?xml version="1.0" encoding="utf-8"?>
<Project ToolsVersion="17.0" xmlns="http://schemas.microsoft.com/developer/msbuild/2003">
  <ItemGroup>
    <CustomBuild Include="C:\Users\PC\Desktop\Program\OptixRenderer\build\CMakeFiles\bb092305c4b9ef8ba831b6197661a8e7\generate.stamp.rule">
      <Filter>CMake Rules</Filter>
    </CustomBuild>
  </ItemGroup>
  <ItemGroup>
    <Filter Include="CMake Rules">
      <UniqueIdentifier>{C1EC22FF-225B-30E5-93FE-05646A27916C}</UniqueIdentifier>
    </Filter>
  </ItemGroup>
</Project>
