<?xml version="1.0" encoding="utf-8"?>
<Project ToolsVersion="17.0" xmlns="http://schemas.microsoft.com/developer/msbuild/2003">
  <ItemGroup>
    <ClCompile Include="C:\Users\PC\Desktop\Program\OptixRenderer\SDK\myPathTracer\myPathTracer.cpp">
      <Filter>Source Files</Filter>
    </ClCompile>
  </ItemGroup>
  <ItemGroup>
    <ClInclude Include="C:\Users\PC\Desktop\Program\OptixRenderer\SDK\myPathTracer\myPathTracer.h">
      <Filter>Header Files</Filter>
    </ClInclude>
    <ClInclude Include="NEE.h">
      <Filter>Header Files</Filter>
    </ClInclude>
    <ClInclude Include="light_sampling.h">
      <Filter>Header Files</Filter>
    </ClInclude>
    <ClInclude Include="animation.h">
      <Filter>Header Files</Filter>
    </ClInclude>
    <ClInclude Include="matrix.h">
      <Filter>Header Files</Filter>
    </ClInclude>
    <ClInclude Include="gltfloader.h">
      <Filter>Header Files</Filter>
    </ClInclude>
    <ClInclude Include="rng.h">
      <Filter>Header Files</Filter>
    </ClInclude>
    <ClInclude Include="disneyBRDF.h">
      <Filter>Header Files</Filter>
    </ClInclude>
    <ClInclude Include="normal_bumpmap.h">
      <Filter>Header Files</Filter>
    </ClInclude>
    <ClInclude Include="PathTrace.h">
      <Filter>Header Files</Filter>
    </ClInclude>
    <ClInclude Include="RayTrace.h">
      <Filter>Header Files</Filter>
    </ClInclude>
    <ClInclude Include="lambert.h">
      <Filter>Header Files</Filter>
    </ClInclude>
    <ClInclude Include="constant.h">
      <Filter>Header Files</Filter>
    </ClInclude>
    <ClInclude Include="BSDF.h">
      <Filter>Header Files</Filter>
    </ClInclude>
    <ClInclude Include="GGX.h">
      <Filter>Header Files</Filter>
    </ClInclude>
    <ClInclude Include="color_converter.h">
      <Filter>Header Files</Filter>
    </ClInclude>
    <ClInclude Include="math.h">
      <Filter>Header Files</Filter>
    </ClInclude>
    <ClInclude Include="camera.h">
      <Filter>Header Files</Filter>
    </ClInclude>
    <ClInclude Include="IBL.h">
      <Filter>Header Files</Filter>
    </ClInclude>
    <ClInclude Include="hash.h">
      <Filter>Header Files</Filter>
    </ClInclude>
    <ClInclude Include="material.h">
      <Filter>Header Files</Filter>
    </ClInclude>
    <ClInclude Include="debugLog.h">
      <Filter>Header Files</Filter>
    </ClInclude>
    <ClInclude Include="renderer.h">
      <Filter>Header Files</Filter>
    </ClInclude>
    <ClInclude Include="modelLoader.h">
      <Filter>Header Files</Filter>
    </ClInclude>
    <ClInclude Include="texture.h">
      <Filter>Header Files</Filter>
    </ClInclude>
    <ClInclude Include="random.h">
      <Filter>Header Files</Filter>
    </ClInclude>
  </ItemGroup>
  <ItemGroup>
    <CustomBuild Include="C:\Users\PC\Desktop\Program\OptixRenderer\SDK\myPathTracer\myPathTracer.cu">
      <Filter>CUDA Files</Filter>
    </CustomBuild>
    <CustomBuild Include="C:\Users\PC\Desktop\Program\OptixRenderer\SDK\myPathTracer\CMakeLists.txt" />
  </ItemGroup>
  <ItemGroup>
    <None Include="C:\Users\PC\Desktop\Program\OptixRenderer\build\lib\ptx\myPathTracer_generated_myPathTracer.cu.ptx">
      <Filter>PTX Files</Filter>
    </None>
    <None Include="model\hdr\test_2k.hdr">
      <Filter>Header Files</Filter>
    </None>
    <None Include="model\hdr\test_1.hdr">
      <Filter>Header Files</Filter>
    </None>
    <None Include="model\hdr\test.hdr">
      <Filter>Header Files</Filter>
    </None>
  </ItemGroup>
  <ItemGroup>
    <Filter Include="CUDA Files">
      <UniqueIdentifier>{E1EA3AB5-A20A-37A1-A590-D500D87444BC}</UniqueIdentifier>
    </Filter>
    <Filter Include="Header Files">
      <UniqueIdentifier>{BAFFAA8E-F16D-36B9-B1C6-3292F317616D}</UniqueIdentifier>
    </Filter>
    <Filter Include="PTX Files">
      <UniqueIdentifier>{358E43FB-363F-3A75-A8D3-05A9A043F717}</UniqueIdentifier>
    </Filter>
    <Filter Include="Source Files">
      <UniqueIdentifier>{A0D611AB-5C00-37AE-9A3F-B9C5DA882C0D}</UniqueIdentifier>
    </Filter>
  </ItemGroup>
</Project>