<?xml version="1.0" encoding="utf-8"?>
<Project ToolsVersion="17.0" xmlns="http://schemas.microsoft.com/developer/msbuild/2003">
  <ItemGroup>
    <ClCompile Include="C:\Users\PC\Desktop\Program\OptixRenderer\SDK\lib\ImageReader\CheckerBoardImage.cpp">
      <Filter>Source Files</Filter>
    </ClCompile>
    <ClCompile Include="C:\Users\PC\Desktop\Program\OptixRenderer\SDK\lib\ImageReader\ImageReader.cpp">
      <Filter>Source Files</Filter>
    </ClCompile>
    <ClCompile Include="C:\Users\PC\Desktop\Program\OptixRenderer\SDK\lib\ImageReader\TextureInfo.cpp">
      <Filter>Source Files</Filter>
    </ClCompile>
  </ItemGroup>
  <ItemGroup>
    <ClInclude Include="C:\Users\PC\Desktop\Program\OptixRenderer\SDK\lib\ImageReader\Exception.h">
      <Filter>Header Files</Filter>
    </ClInclude>
    <ClInclude Include="C:\Users\PC\Desktop\Program\OptixRenderer\SDK\lib\ImageReader\Stopwatch.h">
      <Filter>Header Files</Filter>
    </ClInclude>
    <ClInclude Include="C:\Users\PC\Desktop\Program\OptixRenderer\SDK\lib\ImageReader\include\ImageReader\CheckerBoardImage.h">
      <Filter>Header Files</Filter>
    </ClInclude>
    <ClInclude Include="C:\Users\PC\Desktop\Program\OptixRenderer\SDK\lib\ImageReader\include\ImageReader\ImageReader.h">
      <Filter>Header Files</Filter>
    </ClInclude>
    <ClInclude Include="C:\Users\PC\Desktop\Program\OptixRenderer\SDK\lib\ImageReader\include\ImageReader\MultiCheckerImage.h">
      <Filter>Header Files</Filter>
    </ClInclude>
    <ClInclude Include="C:\Users\PC\Desktop\Program\OptixRenderer\SDK\lib\ImageReader\include\ImageReader\TextureInfo.h">
      <Filter>Header Files</Filter>
    </ClInclude>
  </ItemGroup>
  <ItemGroup>
    <CustomBuild Include="C:\Users\PC\Desktop\Program\OptixRenderer\SDK\lib\ImageReader\CMakeLists.txt" />
  </ItemGroup>
  <ItemGroup>
    <Filter Include="Header Files">
      <UniqueIdentifier>{BAFFAA8E-F16D-36B9-B1C6-3292F317616D}</UniqueIdentifier>
    </Filter>
    <Filter Include="Source Files">
      <UniqueIdentifier>{A0D611AB-5C00-37AE-9A3F-B9C5DA882C0D}</UniqueIdentifier>
    </Filter>
  </ItemGroup>
</Project>
